{
    "_readme": [
        "This file locks the dependencies of your project to a known state",
        "Read more about it at https://getcomposer.org/doc/01-basic-usage.md#composer-lock-the-lock-file",
        "This file is @generated automatically"
    ],
    "content-hash": "b2566c5fa014b4dfdf65c9795352ee36",
    "packages": [
        {
            "name": "kushki/kushki-php",
            "version": "1.2.3",
            "source": {
                "type": "git",
                "url": "https://github.com/Kushki/kushki-php.git",
                "reference": "d15ddc497f7bd749b480b1d7fb70ec5f02e604c1"
            },
            "dist": {
                "type": "zip",
                "url": "https://api.github.com/repos/Kushki/kushki-php/zipball/d15ddc497f7bd749b480b1d7fb70ec5f02e604c1",
                "reference": "d15ddc497f7bd749b480b1d7fb70ec5f02e604c1",
                "shasum": ""
            },
            "require": {
                "nategood/httpful": "^0.2.20"
            },
            "require-dev": {
                "phpunit/php-code-coverage": "^3.3.3",
                "phpunit/phpunit": "5.3.*"
            },
            "type": "library",
            "autoload": {
                "psr-4": {
                    "kushki\\lib\\": "lib/"
                }
            },
            "notification-url": "https://packagist.org/downloads/",
            "license": [
                "MIT"
            ],
            "description": "Librería PHP para integrarse con KushkiPagos",
            "homepage": "https://github.com/Kushki/kushki-php",
            "time": "2017-05-03T04:04:11+00:00"
        },
        {
            "name": "nategood/httpful",
            "version": "0.2.20",
            "source": {
                "type": "git",
                "url": "https://github.com/nategood/httpful.git",
                "reference": "c1cd4d46a4b281229032cf39d4dd852f9887c0f6"
            },
            "dist": {
                "type": "zip",
                "url": "https://api.github.com/repos/nategood/httpful/zipball/c1cd4d46a4b281229032cf39d4dd852f9887c0f6",
                "reference": "c1cd4d46a4b281229032cf39d4dd852f9887c0f6",
                "shasum": ""
            },
            "require": {
                "ext-curl": "*",
                "php": ">=5.3"
            },
            "require-dev": {
                "phpunit/phpunit": "*"
            },
            "type": "library",
            "autoload": {
                "psr-0": {
                    "Httpful": "src/"
                }
            },
            "notification-url": "https://packagist.org/downloads/",
            "license": [
                "MIT"
            ],
            "authors": [
                {
                    "name": "Nate Good",
                    "email": "me@nategood.com",
                    "homepage": "http://nategood.com"
                }
            ],
            "description": "A Readable, Chainable, REST friendly, PHP HTTP Client",
            "homepage": "http://github.com/nategood/httpful",
            "keywords": [
                "api",
                "curl",
                "http",
                "requests",
                "rest",
                "restful"
            ],
            "time": "2015-10-26T16:11:30+00:00"
        }
    ],
    "packages-dev": [],
    "aliases": [],
    "minimum-stability": "stable",
    "stability-flags": [],
    "prefer-stable": false,
    "prefer-lowest": false,
    "platform": {
        "ext-gd": "*"
    },
    "platform-dev": []
}
